# This file is automatically @generated by Poetry 1.8.2 and should not be changed by hand.

[[package]]
name = "easy-id"
version = "1.0.3"
description = "An easy to use suite of configurable id generators"
optional = false
python-versions = "*"
files = [
    {file = "easy_id-1.0.3-py3-none-any.whl", hash = "sha256:27b06a74f9179a84942ee2bcfedce880865b02528fbb36e038d5a5c9e0b1d3a4"},
    {file = "easy_id-1.0.3.tar.gz", hash = "sha256:95a652a6527e78fd465716c34147120742a445eb4261072ac4f24d0e2cab2154"},
]

[metadata]
lock-version = "2.0"
python-versions = "^3.10"
content-hash = "0c14f59ca792c5964a75d9ac92abbcfc4f11e2a6e77c6732e89612dd4babda43"
